{
  "name": "minipos",
  "version": "0.1.0",
  "lockfileVersion": 3,
  "requires": true,
  "packages": {
    "": {
      "name": "minipos",
      "version": "0.1.0",
      "dependencies": {
        "sql.js": "^1.13.0"
      },
      "devDependencies": {
        "electron": "^38.2.0",
        "electron-builder": "^26.0.0"
      }
    }
  }
}
